
Microsoft Visual Studio Solution File, Format Version 12.00
# Visual Studio Version 16
VisualStudioVersion = 16.0.29806.167
MinimumVisualStudioVersion = 10.0.40219.1
Project("{8BC9CEB8-8B4A-11D0-8D11-00A0C91BC942}") = "Corona-Coterie", "Corona-Coterie\Corona-Coterie.vcxproj", "{086EE245-D324-4B0F-9B24-0D35E522677E}"
EndProject
Global
	GlobalSection(SolutionConfigurationPlatforms) = preSolution
		Debug|x64 = Debug|x64
		Debug|x86 = Debug|x86
		Release|x64 = Release|x64
		Release|x86 = Release|x86
	EndGlobalSection
	GlobalSection(ProjectConfigurationPlatforms) = postSolution
		{086EE245-D324-4B0F-9B24-0D35E522677E}.Debug|x64.ActiveCfg = Debug|x64
		{086EE245-D324-4B0F-9B24-0D35E522677E}.Debug|x64.Build.0 = Debug|x64
		{086EE245-D324-4B0F-9B24-0D35E522677E}.Debug|x86.ActiveCfg = Debug|Win32
		{086EE245-D324-4B0F-9B24-0D35E522677E}.Debug|x86.Build.0 = Debug|Win32
		{086EE245-D324-4B0F-9B24-0D35E522677E}.Release|x64.ActiveCfg = Release|x64
		{086EE245-D324-4B0F-9B24-0D35E522677E}.Release|x64.Build.0 = Release|x64
		{086EE245-D324-4B0F-9B24-0D35E522677E}.Release|x86.ActiveCfg = Release|Win32
		{086EE245-D324-4B0F-9B24-0D35E522677E}.Release|x86.Build.0 = Release|Win32
	EndGlobalSection
	GlobalSection(SolutionProperties) = preSolution
		HideSolutionNode = FALSE
	EndGlobalSection
	GlobalSection(ExtensibilityGlobals) = postSolution
		SolutionGuid = {E74F289D-422E-47C6-A8FD-A1C66A011506}
	EndGlobalSection
EndGlobal
